
Microsoft Visual Studio Solution File, Format Version 12.00
# Visual Studio Version 17
VisualStudioVersion = 17.8.34525.116
MinimumVisualStudioVersion = 10.0.40219.1
Project("{9A19103F-16F7-4668-BE54-9A1E7A4F7556}") = "BlazorServerExample", "BlazorServerExample\BlazorServerExample.csproj", "{625B5ECC-07DA-46B8-86F6-4A2B1D22A5EE}"
EndProject
Project("{9A19103F-16F7-4668-BE54-9A1E7A4F7556}") = "DB", "DB\DB.csproj", "{3F684A35-027D-4BB8-A82E-DD6F63DD8097}"
EndProject
Project("{9A19103F-16F7-4668-BE54-9A1E7A4F7556}") = "DB2", "DB2\DB2.csproj", "{FA4E556A-DE45-4BC7-BA1A-43BDB7713B30}"
EndProject
Global
	GlobalSection(SolutionConfigurationPlatforms) = preSolution
		Debug|Any CPU = Debug|Any CPU
		Release|Any CPU = Release|Any CPU
	EndGlobalSection
	GlobalSection(ProjectConfigurationPlatforms) = postSolution
		{625B5ECC-07DA-46B8-86F6-4A2B1D22A5EE}.Debug|Any CPU.ActiveCfg = Debug|Any CPU
		{625B5ECC-07DA-46B8-86F6-4A2B1D22A5EE}.Debug|Any CPU.Build.0 = Debug|Any CPU
		{625B5ECC-07DA-46B8-86F6-4A2B1D22A5EE}.Release|Any CPU.ActiveCfg = Release|Any CPU
		{625B5ECC-07DA-46B8-86F6-4A2B1D22A5EE}.Release|Any CPU.Build.0 = Release|Any CPU
		{3F684A35-027D-4BB8-A82E-DD6F63DD8097}.Debug|Any CPU.ActiveCfg = Debug|Any CPU
		{3F684A35-027D-4BB8-A82E-DD6F63DD8097}.Debug|Any CPU.Build.0 = Debug|Any CPU
		{3F684A35-027D-4BB8-A82E-DD6F63DD8097}.Release|Any CPU.ActiveCfg = Release|Any CPU
		{3F684A35-027D-4BB8-A82E-DD6F63DD8097}.Release|Any CPU.Build.0 = Release|Any CPU
		{FA4E556A-DE45-4BC7-BA1A-43BDB7713B30}.Debug|Any CPU.ActiveCfg = Debug|Any CPU
		{FA4E556A-DE45-4BC7-BA1A-43BDB7713B30}.Debug|Any CPU.Build.0 = Debug|Any CPU
		{FA4E556A-DE45-4BC7-BA1A-43BDB7713B30}.Release|Any CPU.ActiveCfg = Release|Any CPU
		{FA4E556A-DE45-4BC7-BA1A-43BDB7713B30}.Release|Any CPU.Build.0 = Release|Any CPU
	EndGlobalSection
	GlobalSection(SolutionProperties) = preSolution
		HideSolutionNode = FALSE
	EndGlobalSection
	GlobalSection(ExtensibilityGlobals) = postSolution
		SolutionGuid = {7715D4E5-8581-41F4-B02E-8E47AD4A5250}
	EndGlobalSection
EndGlobal
